
Microsoft Visual Studio Solution File, Format Version 12.00
# Visual Studio Version 16
VisualStudioVersion = 16.0.32602.291
MinimumVisualStudioVersion = 10.0.40219.1
Project("{FAE04EC0-301F-11D3-BF4B-00C04F79EFBC}") = "leave-management", "leave-management\leave-management.csproj", "{73AFA449-30A5-4440-ABCB-9809241D0E36}"
EndProject
Global
	GlobalSection(SolutionConfigurationPlatforms) = preSolution
		Debug|Any CPU = Debug|Any CPU
		Release|Any CPU = Release|Any CPU
	EndGlobalSection
	GlobalSection(ProjectConfigurationPlatforms) = postSolution
		{73AFA449-30A5-4440-ABCB-9809241D0E36}.Debug|Any CPU.ActiveCfg = Debug|Any CPU
		{73AFA449-30A5-4440-ABCB-9809241D0E36}.Debug|Any CPU.Build.0 = Debug|Any CPU
		{73AFA449-30A5-4440-ABCB-9809241D0E36}.Release|Any CPU.ActiveCfg = Release|Any CPU
		{73AFA449-30A5-4440-ABCB-9809241D0E36}.Release|Any CPU.Build.0 = Release|Any CPU
	EndGlobalSection
	GlobalSection(SolutionProperties) = preSolution
		HideSolutionNode = FALSE
	EndGlobalSection
	GlobalSection(ExtensibilityGlobals) = postSolution
		SolutionGuid = {53F92862-7681-43B3-8684-9C0C05C8902D}
	EndGlobalSection
EndGlobal
